
Microsoft Visual Studio Solution File, Format Version 12.00
# Visual Studio Version 17
VisualStudioVersion = 17.0.31903.59
MinimumVisualStudioVersion = 10.0.40219.1
Project("{FAE04EC0-301F-11D3-BF4B-00C04F79EFBC}") = "MiniBookstore.Mvc", "MiniBookstore.Mvc\MiniBookstore.Mvc.csproj", "{72059846-46B6-4439-B3E2-B1FF91F3C7AD}"
EndProject
Global
	GlobalSection(SolutionConfigurationPlatforms) = preSolution
		Debug|Any CPU = Debug|Any CPU
		Release|Any CPU = Release|Any CPU
	EndGlobalSection
	GlobalSection(SolutionProperties) = preSolution
		HideSolutionNode = FALSE
	EndGlobalSection
	GlobalSection(ProjectConfigurationPlatforms) = postSolution
		{72059846-46B6-4439-B3E2-B1FF91F3C7AD}.Debug|Any CPU.ActiveCfg = Debug|Any CPU
		{72059846-46B6-4439-B3E2-B1FF91F3C7AD}.Debug|Any CPU.Build.0 = Debug|Any CPU
		{72059846-46B6-4439-B3E2-B1FF91F3C7AD}.Release|Any CPU.ActiveCfg = Release|Any CPU
		{72059846-46B6-4439-B3E2-B1FF91F3C7AD}.Release|Any CPU.Build.0 = Release|Any CPU
	EndGlobalSection
EndGlobal
